# This file is automatically @generated by Poetry 2.2.0 and should not be changed by hand.

[[package]]
name = "aws-lambda-powertools"
version = "2.43.1"
description = "Powertools for AWS Lambda (Python) is a developer toolkit to implement Serverless best practices and increase developer velocity."
optional = false
python-versions = "<4.0.0,>=3.8"
groups = ["main"]
files = [
    {file = "aws_lambda_powertools-2.43.1-py3-none-any.whl", hash = "sha256:48116250c1771c7b8d4977ad2d475271074d86964107ccfd3fc6775e51984d88"},
    {file = "aws_lambda_powertools-2.43.1.tar.gz", hash = "sha256:5c371a0c0430cf7bca1696748cb0d85079aac2c51056cbee10e5435029b35ca4"},
]

[package.dependencies]
aws-xray-sdk = {version = ">=2.8.0,<3.0.0", optional = true, markers = "extra == \"tracer\" or extra == \"all\""}
fastjsonschema = {version = ">=2.14.5,<3.0.0", optional = true, markers = "extra == \"validation\" or extra == \"all\""}
jmespath = ">=1.0.1,<2.0.0"
pydantic = {version = ">=1.8.2,<2.0.0", optional = true, markers = "extra == \"parser\" or extra == \"all\""}
typing-extensions = ">=4.11.0,<5.0.0"

[package.extras]
all = ["aws-xray-sdk (>=2.8.0,<3.0.0)", "fastjsonschema (>=2.14.5,<3.0.0)", "pydantic (>=1.8.2,<2.0.0)"]
aws-sdk = ["boto3 (>=1.26.164,<2.0.0)"]
datadog = ["datadog-lambda (>=4.77,<7.0)"]
datamasking = ["aws-encryption-sdk (>=3.1.1,<4.0.0)", "jsonpath-ng (>=1.6.0,<2.0.0)"]
parser = ["pydantic (>=1.8.2,<2.0.0)"]
redis = ["redis (>=4.4,<6.0)"]
tracer = ["aws-xray-sdk (>=2.8.0,<3.0.0)"]
validation = ["fastjsonschema (>=2.14.5,<3.0.0)"]

[[package]]
name = "aws-xray-sdk"
version = "2.14.0"
description = "The AWS X-Ray SDK for Python (the SDK) enables Python developers to record and emit information from within their applications to the AWS X-Ray service."
optional = false
python-versions = ">=3.7"
groups = ["main"]
files = [
    {file = "aws_xray_sdk-2.14.0-py2.py3-none-any.whl", hash = "sha256:cfbe6feea3d26613a2a869d14c9246a844285c97087ad8f296f901633554ad94"},
    {file = "aws_xray_sdk-2.14.0.tar.gz", hash = "sha256:aab843c331af9ab9ba5cefb3a303832a19db186140894a523edafc024cc0493c"},
]

[package.dependencies]
botocore = ">=1.11.3"
wrapt = "*"

[[package]]
name = "boto3"
version = "1.40.30"
description = "The AWS SDK for Python"
optional = false
python-versions = ">=3.9"
groups = ["main"]
files = [
    {file = "boto3-1.40.30-py3-none-any.whl", hash = "sha256:04e89abf61240857bf7dec160e22f097eec68c502509b2bb3c5010a22cb91052"},
    {file = "boto3-1.40.30.tar.gz", hash = "sha256:e95db539c938710917f4cb4fc5915f71b27f2c836d949a1a95df7895d2e9ec8b"},
]

[package.dependencies]
botocore = ">=1.40.30,<1.41.0"
jmespath = ">=0.7.1,<2.0.0"
s3transfer = ">=0.14.0,<0.15.0"

[package.extras]
crt = ["botocore[crt] (>=1.21.0,<2.0a0)"]

[[package]]
name = "botocore"
version = "1.40.30"
description = "Low-level, data-driven core of boto 3."
optional = false
python-versions = ">=3.9"
groups = ["main"]
files = [
    {file = "botocore-1.40.30-py3-none-any.whl", hash = "sha256:1d87874ad81234bec3e83f9de13618f67ccdfefd08d6b8babc041cd45007447e"},
    {file = "botocore-1.40.30.tar.gz", hash = "sha256:8a74f77cfe5c519826d22f7613f89544cbb8491a1a49d965031bd997f89a8e3f"},
]

[package.dependencies]
jmespath = ">=0.7.1,<2.0.0"
python-dateutil = ">=2.1,<3.0.0"
urllib3 = {version = ">=1.25.4,<2.2.0 || >2.2.0,<3", markers = "python_version >= \"3.10\""}

[package.extras]
crt = ["awscrt (==0.27.6)"]

[[package]]
name = "fastjsonschema"
version = "2.21.2"
description = "Fastest Python implementation of JSON schema"
optional = false
python-versions = "*"
groups = ["main"]
files = [
    {file = "fastjsonschema-2.21.2-py3-none-any.whl", hash = "sha256:1c797122d0a86c5cace2e54bf4e819c36223b552017172f32c5c024a6b77e463"},
    {file = "fastjsonschema-2.21.2.tar.gz", hash = "sha256:b1eb43748041c880796cd077f1a07c3d94e93ae84bba5ed36800a33554ae05de"},
]

[package.extras]
devel = ["colorama", "json-spec", "jsonschema", "pylint", "pytest", "pytest-benchmark", "pytest-cache", "validictory"]

[[package]]
name = "jmespath"
version = "1.0.1"
description = "JSON Matching Expressions"
optional = false
python-versions = ">=3.7"
groups = ["main"]
files = [
    {file = "jmespath-1.0.1-py3-none-any.whl", hash = "sha256:02e2e4cc71b5bcab88332eebf907519190dd9e6e82107fa7f83b1003a6252980"},
    {file = "jmespath-1.0.1.tar.gz", hash = "sha256:90261b206d6defd58fdd5e85f478bf633a2901798906be2ad389150c5c60edbe"},
]

[[package]]
name = "pydantic"
version = "1.10.23"
description = "Data validation and settings management using python type hints"
optional = false
python-versions = ">=3.7"
groups = ["main"]
files = [
    {file = "pydantic-1.10.23-cp310-cp310-macosx_10_9_x86_64.whl", hash = "sha256:1ce178e49a471ebf867451872a3403b89da6194bc2c9761e78ce22f619794d0d"},
    {file = "pydantic-1.10.23-cp310-cp310-macosx_11_0_arm64.whl", hash = "sha256:d5f2ab29db92a2b11c7cd49466f68858583bf227165c42a3fae2b50042a1ab51"},
    {file = "pydantic-1.10.23-cp310-cp310-manylinux_2_17_x86_64.manylinux2014_x86_64.whl", hash = "sha256:8e84ece91eb806586ffa4f92c149308cb07b0fa14a7e1204e18cde01aac283f7"},
    {file = "pydantic-1.10.23-cp310-cp310-manylinux_2_5_i686.manylinux1_i686.manylinux_2_17_i686.manylinux2014_i686.whl", hash = "sha256:757c8a2f459311bf277f6ddb4891222f69ba93fb301eee095c985fc7239d5afd"},
    {file = "pydantic-1.10.23-cp310-cp310-musllinux_1_2_i686.whl", hash = "sha256:50b4726ab72a027fb69da865e849ae16107bdbea01ff1670daf4560e078a1606"},
    {file = "pydantic-1.10.23-cp310-cp310-musllinux_1_2_x86_64.whl", hash = "sha256:4ed07c43d5c3f6f391eceeef7ead84c8c54083e0a1b5fa009302191c07775a73"},
    {file = "pydantic-1.10.23-cp310-cp310-win_amd64.whl", hash = "sha256:bc5547c3be3b8494a444adf3703c037bdf2170e30af802f5d7bb14a232698106"},
    {file = "pydantic-1.10.23-cp311-cp311-macosx_10_9_x86_64.whl", hash = "sha256:b2e9d81546af42331248bbffde26a441631c8823515ebf328ee2ec04d771cd73"},
    {file = "pydantic-1.10.23-cp311-cp311-macosx_11_0_arm64.whl", hash = "sha256:7e13f39ce65232a2826d1c32a9e2c6f9ca5451d6e51c6e5ea9fdebc285fc2980"},
    {file = "pydantic-1.10.23-cp311-cp311-manylinux_2_17_x86_64.manylinux2014_x86_64.whl", hash = "sha256:041308bdb4804f0b387b02f870ebdf4e86020de344a969020de853f5ea8d5508"},
    {file = "pydantic-1.10.23-cp311-cp311-manylinux_2_5_i686.manylinux1_i686.manylinux_2_17_i686.manylinux2014_i686.whl", hash = "sha256:ed01648e2a469e2c35984bab9ff5080648c53af3b8b98312e1d7823eacd33d77"},
    {file = "pydantic-1.10.23-cp311-cp311-musllinux_1_2_i686.whl", hash = "sha256:18056741c9febebeb043798414099ada8d8e74cc47ec2059d7fbdc7d091d0e7b"},
    {file = "pydantic-1.10.23-cp311-cp311-musllinux_1_2_x86_64.whl", hash = "sha256:7411a18deef02a6b7825edb3930b9ab0251f7b131ebb1cb1ffe0aadf74d60c6d"},
    {file = "pydantic-1.10.23-cp311-cp311-win_amd64.whl", hash = "sha256:890213289bf40481a715b1d8b3e8a602af9e481d9f0e0b2b00dc375a12b0cfbb"},
    {file = "pydantic-1.10.23-cp312-cp312-macosx_10_13_x86_64.whl", hash = "sha256:136b6428b644691d0ee2a3a7de395d0d1b01ce6388b747bd371bb9ca65b4cc32"},
    {file = "pydantic-1.10.23-cp312-cp312-macosx_11_0_arm64.whl", hash = "sha256:b47c210416606b7c8e236c7546647500856eaba0d01564d5cddacb30d1b5daec"},
    {file = "pydantic-1.10.23-cp312-cp312-manylinux_2_17_x86_64.manylinux2014_x86_64.whl", hash = "sha256:6c9c436e12d81b7c3d3208f66a5d35b401c8ec25fafc9bff446c77f1072ed5f5"},
    {file = "pydantic-1.10.23-cp312-cp312-manylinux_2_5_i686.manylinux1_i686.manylinux_2_17_i686.manylinux2014_i686.whl", hash = "sha256:edba6ac9bd6040daf3e876c284257624171884011e0729d90b90f5fe11f7217d"},
    {file = "pydantic-1.10.23-cp312-cp312-musllinux_1_2_i686.whl", hash = "sha256:101ae7dcd77c23003d4766bcf23e08cd3d012173379ad549bdb2c898855b2a57"},
    {file = "pydantic-1.10.23-cp312-cp312-musllinux_1_2_x86_64.whl", hash = "sha256:9b05416d8dcf36fd291348bba8f565d015fce4c594577d2ef5bc0c5ec8f54a29"},
    {file = "pydantic-1.10.23-cp312-cp312-win_amd64.whl", hash = "sha256:0f309b3dd80ed4d3487b1219c69dfd9036e51a863aeaa41a3b67497b81c4cb8f"},
    {file = "pydantic-1.10.23-cp313-cp313-macosx_10_13_x86_64.whl", hash = "sha256:a6aa6881a18657fe66b9249e0572a9690ebc6f0b37c32872beb06bc51bff738f"},
    {file = "pydantic-1.10.23-cp313-cp313-macosx_11_0_arm64.whl", hash = "sha256:c57bfade74111335062c8ac830d5a14004742ff5b037c52c410d9e9011258bf5"},
    {file = "pydantic-1.10.23-cp313-cp313-manylinux_2_17_x86_64.manylinux2014_x86_64.whl", hash = "sha256:723cb7f6aca0b471bac9d7dceb42d151d26aabdca655bd4190be3a7de008a054"},
    {file = "pydantic-1.10.23-cp313-cp313-manylinux_2_5_i686.manylinux1_i686.manylinux_2_17_i686.manylinux2014_i686.whl", hash = "sha256:1b81db6c9108c3f6509c897fcdf842e5993d7233e9140a7f1c4dc1c2f85b0a8d"},
    {file = "pydantic-1.10.23-cp313-cp313-musllinux_1_2_i686.whl", hash = "sha256:9e9544d07d96df6c6405b64462fb3122e5d0af46a1c4ddf94c180b17ac29f047"},
    {file = "pydantic-1.10.23-cp313-cp313-musllinux_1_2_x86_64.whl", hash = "sha256:4dff5e26a14424f4e6cf44cbd45861b458f31e37d316e92a78bf99ec6d1ef2ee"},
    {file = "pydantic-1.10.23-cp313-cp313-win_amd64.whl", hash = "sha256:633235236c9af4a16e7cf47be3ffab15445552613a122b44a8946868c2ace426"},
    {file = "pydantic-1.10.23-cp37-cp37m-macosx_10_9_x86_64.whl", hash = "sha256:33fdacc8ffadaa0efecb1f8fec8d1ba8653c644f1c6a946c64f3e5e9563ac040"},
    {file = "pydantic-1.10.23-cp37-cp37m-manylinux_2_17_x86_64.manylinux2014_x86_64.whl", hash = "sha256:d6c46c8055833bce5786c5e66cb30208db0bd5534f007890c3b76556d2f24d11"},
    {file = "pydantic-1.10.23-cp37-cp37m-manylinux_2_5_i686.manylinux1_i686.manylinux_2_17_i686.manylinux2014_i686.whl", hash = "sha256:0bed91a634855400f5c3b180999d0437a3b418b0170222fc8f6294aa2a08848a"},
    {file = "pydantic-1.10.23-cp37-cp37m-musllinux_1_2_i686.whl", hash = "sha256:e812b0f2a708595227aed10c636a54df4d02a1b3a5c90555df108a5e1244b2e9"},
    {file = "pydantic-1.10.23-cp37-cp37m-musllinux_1_2_x86_64.whl", hash = "sha256:8a52b2eedc25215c9cc1d96340d8364f8c8b6787a7cf2cc202d058e73e06cbef"},
    {file = "pydantic-1.10.23-cp37-cp37m-win_amd64.whl", hash = "sha256:38549feff6fac3c7a9e73fef6f8a2599300b10d71813ff329854449deb458aa6"},
    {file = "pydantic-1.10.23-cp38-cp38-macosx_10_9_x86_64.whl", hash = "sha256:f71590dcd1ff354107cecc1c26b85406dd11e6f87d9b8416c5defd3cf4d54a51"},
    {file = "pydantic-1.10.23-cp38-cp38-macosx_11_0_arm64.whl", hash = "sha256:46b3cd6fb8edf973380ddf1ac7387cca5f0624c07579bf9d15121dd77986b57c"},
    {file = "pydantic-1.10.23-cp38-cp38-manylinux_2_17_x86_64.manylinux2014_x86_64.whl", hash = "sha256:89e9a801a538d056fd91edf0d01dec02abde1b325e3c019c5c06d75fcca86929"},
    {file = "pydantic-1.10.23-cp38-cp38-manylinux_2_5_i686.manylinux1_i686.manylinux_2_17_i686.manylinux2014_i686.whl", hash = "sha256:7ee7fa1a9bfa45aad5652001efa552a79a40f9ea7a1b11185685dd047895d3a8"},
    {file = "pydantic-1.10.23-cp38-cp38-musllinux_1_2_i686.whl", hash = "sha256:0db70ae0e58eed1ffd01fbfdd23f6c6e5ae5e1bf2cd50dfeb0a2853656766e68"},
    {file = "pydantic-1.10.23-cp38-cp38-musllinux_1_2_x86_64.whl", hash = "sha256:d037210949ac9e837360239d91a834cab3cf02e84cf295ea66c6ff73137f3723"},
    {file = "pydantic-1.10.23-cp38-cp38-win_amd64.whl", hash = "sha256:aa8d57384c6305febd9724b4f8de6860b5ba5821b7948dbbd0ddf733d50d7677"},
    {file = "pydantic-1.10.23-cp39-cp39-macosx_10_9_x86_64.whl", hash = "sha256:cdb4c8fdf8344b912285ca85c99d44433bd3d877f44b9ffcfc79cefedbc08869"},
    {file = "pydantic-1.10.23-cp39-cp39-macosx_11_0_arm64.whl", hash = "sha256:144f739a617f2c12fa8d135d2efe26b9cf16033a44f2fe5400d7d0e9d9c90dca"},
    {file = "pydantic-1.10.23-cp39-cp39-manylinux_2_17_x86_64.manylinux2014_x86_64.whl", hash = "sha256:3449e59f27a42ba2c35c2e92aea345794696e5dddba3b5d88d123155eac4ee83"},
    {file = "pydantic-1.10.23-cp39-cp39-manylinux_2_5_i686.manylinux1_i686.manylinux_2_17_i686.manylinux2014_i686.whl", hash = "sha256:10e9d8259fab4599498c3246703b84a5e9500240544bf49c54fc57996c6d093a"},
    {file = "pydantic-1.10.23-cp39-cp39-musllinux_1_2_i686.whl", hash = "sha256:08b576239a4acbbfd35365b603cbee5fee6d3c56323abba54f0142e7ad6ff406"},
    {file = "pydantic-1.10.23-cp39-cp39-musllinux_1_2_x86_64.whl", hash = "sha256:0f20e4dfe6413ee79fc1b4ac9c9f4112ff9d4cf44a19577592422d09774ee085"},
    {file = "pydantic-1.10.23-cp39-cp39-win_amd64.whl", hash = "sha256:45fcc5ed6adde6703f9f22f898362a087d1d140a337ecc4caca2477f4d735390"},
    {file = "pydantic-1.10.23-py3-none-any.whl", hash = "sha256:6294bb84565c294a3a6408c52b26a42803f258d5ebfdb3ae896cd7cccfa07211"},
    {file = "pydantic-1.10.23.tar.gz", hash = "sha256:81ee80fe4bd69236aeb65c8beeb5150655b8a49b946fce6664a720d6cf5ec717"},
]

[package.dependencies]
typing-extensions = ">=4.2.0"

[package.extras]
dotenv = ["python-dotenv (>=0.10.4)"]
email = ["email-validator (>=1.0.3)"]

[[package]]
name = "python-dateutil"
version = "2.9.0.post0"
description = "Extensions to the standard Python datetime module"
optional = false
python-versions = "!=3.0.*,!=3.1.*,!=3.2.*,>=2.7"
groups = ["main"]
files = [
    {file = "python-dateutil-2.9.0.post0.tar.gz", hash = "sha256:37dd54208da7e1cd875388217d5e00ebd4179249f90fb72437e91a35459a0ad3"},
    {file = "python_dateutil-2.9.0.post0-py2.py3-none-any.whl", hash = "sha256:a8b2bc7bffae282281c8140a97d3aa9c14da0b136dfe83f850eea9a5f7470427"},
]

[package.dependencies]
six = ">=1.5"

[[package]]
name = "s3transfer"
version = "0.14.0"
description = "An Amazon S3 Transfer Manager"
optional = false
python-versions = ">=3.9"
groups = ["main"]
files = [
    {file = "s3transfer-0.14.0-py3-none-any.whl", hash = "sha256:ea3b790c7077558ed1f02a3072fb3cb992bbbd253392f4b6e9e8976941c7d456"},
    {file = "s3transfer-0.14.0.tar.gz", hash = "sha256:eff12264e7c8b4985074ccce27a3b38a485bb7f7422cc8046fee9be4983e4125"},
]

[package.dependencies]
botocore = ">=1.37.4,<2.0a.0"

[package.extras]
crt = ["botocore[crt] (>=1.37.4,<2.0a.0)"]

[[package]]
name = "six"
version = "1.17.0"
description = "Python 2 and 3 compatibility utilities"
optional = false
python-versions = "!=3.0.*,!=3.1.*,!=3.2.*,>=2.7"
groups = ["main"]
files = [
    {file = "six-1.17.0-py2.py3-none-any.whl", hash = "sha256:4721f391ed90541fddacab5acf947aa0d3dc7d27b2e1e8eda2be8970586c3274"},
    {file = "six-1.17.0.tar.gz", hash = "sha256:ff70335d468e7eb6ec65b95b99d3a2836546063f63acc5171de367e834932a81"},
]

[[package]]
name = "typing-extensions"
version = "4.15.0"
description = "Backported and Experimental Type Hints for Python 3.9+"
optional = false
python-versions = ">=3.9"
groups = ["main"]
files = [
    {file = "typing_extensions-4.15.0-py3-none-any.whl", hash = "sha256:f0fa19c6845758ab08074a0cfa8b7aecb71c999ca73d62883bc25cc018c4e548"},
    {file = "typing_extensions-4.15.0.tar.gz", hash = "sha256:0cea48d173cc12fa28ecabc3b837ea3cf6f38c6d1136f85cbaaf598984861466"},
]

[[package]]
name = "urllib3"
version = "2.5.0"
description = "HTTP library with thread-safe connection pooling, file post, and more."
optional = false
python-versions = ">=3.9"
groups = ["main"]
files = [
    {file = "urllib3-2.5.0-py3-none-any.whl", hash = "sha256:e6b01673c0fa6a13e374b50871808eb3bf7046c4b125b216f6bf1cc604cff0dc"},
    {file = "urllib3-2.5.0.tar.gz", hash = "sha256:3fc47733c7e419d4bc3f6b3dc2b4f890bb743906a30d56ba4a5bfa4bbff92760"},
]

[package.extras]
brotli = ["brotli (>=1.0.9) ; platform_python_implementation == \"CPython\"", "brotlicffi (>=0.8.0) ; platform_python_implementation != \"CPython\""]
h2 = ["h2 (>=4,<5)"]
socks = ["pysocks (>=1.5.6,!=1.5.7,<2.0)"]
zstd = ["zstandard (>=0.18.0)"]

[[package]]
name = "wrapt"
version = "1.17.3"
description = "Module for decorators, wrappers and monkey patching."
optional = false
python-versions = ">=3.8"
groups = ["main"]
files = [
    {file = "wrapt-1.17.3-cp310-cp310-macosx_10_9_universal2.whl", hash = "sha256:88bbae4d40d5a46142e70d58bf664a89b6b4befaea7b2ecc14e03cedb8e06c04"},
    {file = "wrapt-1.17.3-cp310-cp310-macosx_10_9_x86_64.whl", hash = "sha256:e6b13af258d6a9ad602d57d889f83b9d5543acd471eee12eb51f5b01f8eb1bc2"},
    {file = "wrapt-1.17.3-cp310-cp310-macosx_11_0_arm64.whl", hash = "sha256:fd341868a4b6714a5962c1af0bd44f7c404ef78720c7de4892901e540417111c"},
    {file = "wrapt-1.17.3-cp310-cp310-manylinux1_x86_64.manylinux_2_28_x86_64.manylinux_2_5_x86_64.whl", hash = "sha256:f9b2601381be482f70e5d1051a5965c25fb3625455a2bf520b5a077b22afb775"},
    {file = "wrapt-1.17.3-cp310-cp310-manylinux2014_aarch64.manylinux_2_17_aarch64.manylinux_2_28_aarch64.whl", hash = "sha256:343e44b2a8e60e06a7e0d29c1671a0d9951f59174f3709962b5143f60a2a98bd"},
    {file = "wrapt-1.17.3-cp310-cp310-musllinux_1_2_aarch64.whl", hash = "sha256:33486899acd2d7d3066156b03465b949da3fd41a5da6e394ec49d271baefcf05"},
    {file = "wrapt-1.17.3-cp310-cp310-musllinux_1_2_x86_64.whl", hash = "sha256:e6f40a8aa5a92f150bdb3e1c44b7e98fb7113955b2e5394122fa5532fec4b418"},
    {file = "wrapt-1.17.3-cp310-cp310-win32.whl", hash = "sha256:a36692b8491d30a8c75f1dfee65bef119d6f39ea84ee04d9f9311f83c5ad9390"},
    {file = "wrapt-1.17.3-cp310-cp310-win_amd64.whl", hash = "sha256:afd964fd43b10c12213574db492cb8f73b2f0826c8df07a68288f8f19af2ebe6"},
    {file = "wrapt-1.17.3-cp310-cp310-win_arm64.whl", hash = "sha256:af338aa93554be859173c39c85243970dc6a289fa907402289eeae7543e1ae18"},
    {file = "wrapt-1.17.3-cp311-cp311-macosx_10_9_universal2.whl", hash = "sha256:273a736c4645e63ac582c60a56b0acb529ef07f78e08dc6bfadf6a46b19c0da7"},
    {file = "wrapt-1.17.3-cp311-cp311-macosx_10_9_x86_64.whl", hash = "sha256:5531d911795e3f935a9c23eb1c8c03c211661a5060aab167065896bbf62a5f85"},
    {file = "wrapt-1.17.3-cp311-cp311-macosx_11_0_arm64.whl", hash = "sha256:0610b46293c59a3adbae3dee552b648b984176f8562ee0dba099a56cfbe4df1f"},
    {file = "wrapt-1.17.3-cp311-cp311-manylinux1_x86_64.manylinux_2_28_x86_64.manylinux_2_5_x86_64.whl", hash = "sha256:b32888aad8b6e68f83a8fdccbf3165f5469702a7544472bdf41f582970ed3311"},
    {file = "wrapt-1.17.3-cp311-cp311-manylinux2014_aarch64.manylinux_2_17_aarch64.manylinux_2_28_aarch64.whl", hash = "sha256:8cccf4f81371f257440c88faed6b74f1053eef90807b77e31ca057b2db74edb1"},
    {file = "wrapt-1.17.3-cp311-cp311-musllinux_1_2_aarch64.whl", hash = "sha256:d8a210b158a34164de8bb68b0e7780041a903d7b00c87e906fb69928bf7890d5"},
    {file = "wrapt-1.17.3-cp311-cp311-musllinux_1_2_x86_64.whl", hash = "sha256:79573c24a46ce11aab457b472efd8d125e5a51da2d1d24387666cd85f54c05b2"},
    {file = "wrapt-1.17.3-cp311-cp311-win32.whl", hash = "sha256:c31eebe420a9a5d2887b13000b043ff6ca27c452a9a22fa71f35f118e8d4bf89"},
    {file = "wrapt-1.17.3-cp311-cp311-win_amd64.whl", hash = "sha256:0b1831115c97f0663cb77aa27d381237e73ad4f721391a9bfb2fe8bc25fa6e77"},
    {file = "wrapt-1.17.3-cp311-cp311-win_arm64.whl", hash = "sha256:5a7b3c1ee8265eb4c8f1b7d29943f195c00673f5ab60c192eba2d4a7eae5f46a"},
    {file = "wrapt-1.17.3-cp312-cp312-macosx_10_13_universal2.whl", hash = "sha256:ab232e7fdb44cdfbf55fc3afa31bcdb0d8980b9b95c38b6405df2acb672af0e0"},
    {file = "wrapt-1.17.3-cp312-cp312-macosx_10_13_x86_64.whl", hash = "sha256:9baa544e6acc91130e926e8c802a17f3b16fbea0fd441b5a60f5cf2cc5c3deba"},
    {file = "wrapt-1.17.3-cp312-cp312-macosx_11_0_arm64.whl", hash = "sha256:6b538e31eca1a7ea4605e44f81a48aa24c4632a277431a6ed3f328835901f4fd"},
    {file = "wrapt-1.17.3-cp312-cp312-manylinux1_x86_64.manylinux_2_28_x86_64.manylinux_2_5_x86_64.whl", hash = "sha256:042ec3bb8f319c147b1301f2393bc19dba6e176b7da446853406d041c36c7828"},
    {file = "wrapt-1.17.3-cp312-cp312-manylinux2014_aarch64.manylinux_2_17_aarch64.manylinux_2_28_aarch64.whl", hash = "sha256:3af60380ba0b7b5aeb329bc4e402acd25bd877e98b3727b0135cb5c2efdaefe9"},
    {file = "wrapt-1.17.3-cp312-cp312-musllinux_1_2_aarch64.whl", hash = "sha256:0b02e424deef65c9f7326d8c19220a2c9040c51dc165cddb732f16198c168396"},
    {file = "wrapt-1.17.3-cp312-cp312-musllinux_1_2_x86_64.whl", hash = "sha256:74afa28374a3c3a11b3b5e5fca0ae03bef8450d6aa3ab3a1e2c30e3a75d023dc"},
    {file = "wrapt-1.17.3-cp312-cp312-win32.whl", hash = "sha256:4da9f45279fff3543c371d5ababc57a0384f70be244de7759c85a7f989cb4ebe"},
    {file = "wrapt-1.17.3-cp312-cp312-win_amd64.whl", hash = "sha256:e71d5c6ebac14875668a1e90baf2ea0ef5b7ac7918355850c0908ae82bcb297c"},
    {file = "wrapt-1.17.3-cp312-cp312-win_arm64.whl", hash = "sha256:604d076c55e2fdd4c1c03d06dc1a31b95130010517b5019db15365ec4a405fc6"},
    {file = "wrapt-1.17.3-cp313-cp313-macosx_10_13_universal2.whl", hash = "sha256:a47681378a0439215912ef542c45a783484d4dd82bac412b71e59cf9c0e1cea0"},
    {file = "wrapt-1.17.3-cp313-cp313-macosx_10_13_x86_64.whl", hash = "sha256:54a30837587c6ee3cd1a4d1c2ec5d24e77984d44e2f34547e2323ddb4e22eb77"},
    {file = "wrapt-1.17.3-cp313-cp313-macosx_11_0_arm64.whl", hash = "sha256:16ecf15d6af39246fe33e507105d67e4b81d8f8d2c6598ff7e3ca1b8a37213f7"},
    {file = "wrapt-1.17.3-cp313-cp313-manylinux1_x86_64.manylinux_2_28_x86_64.manylinux_2_5_x86_64.whl", hash = "sha256:6fd1ad24dc235e4ab88cda009e19bf347aabb975e44fd5c2fb22a3f6e4141277"},
    {file = "wrapt-1.17.3-cp313-cp313-manylinux2014_aarch64.manylinux_2_17_aarch64.manylinux_2_28_aarch64.whl", hash = "sha256:0ed61b7c2d49cee3c027372df5809a59d60cf1b6c2f81ee980a091f3afed6a2d"},
    {file = "wrapt-1.17.3-cp313-cp313-musllinux_1_2_aarch64.whl", hash = "sha256:423ed5420ad5f5529db9ce89eac09c8a2f97da18eb1c870237e84c5a5c2d60aa"},
    {file = "wrapt-1.17.3-cp313-cp313-musllinux_1_2_x86_64.whl", hash = "sha256:e01375f275f010fcbf7f643b4279896d04e571889b8a5b3f848423d91bf07050"},
    {file = "wrapt-1.17.3-cp313-cp313-win32.whl", hash = "sha256:53e5e39ff71b3fc484df8a522c933ea2b7cdd0d5d15ae82e5b23fde87d44cbd8"},
    {file = "wrapt-1.17.3-cp313-cp313-win_amd64.whl", hash = "sha256:1f0b2f40cf341ee8cc1a97d51ff50dddb9fcc73241b9143ec74b30fc4f44f6cb"},
    {file = "wrapt-1.17.3-cp313-cp313-win_arm64.whl", hash = "sha256:7425ac3c54430f5fc5e7b6f41d41e704db073309acfc09305816bc6a0b26bb16"},
    {file = "wrapt-1.17.3-cp314-cp314-macosx_10_13_universal2.whl", hash = "sha256:cf30f6e3c077c8e6a9a7809c94551203c8843e74ba0c960f4a98cd80d4665d39"},
    {file = "wrapt-1.17.3-cp314-cp314-macosx_10_13_x86_64.whl", hash = "sha256:e228514a06843cae89621384cfe3a80418f3c04aadf8a3b14e46a7be704e4235"},
    {file = "wrapt-1.17.3-cp314-cp314-macosx_11_0_arm64.whl", hash = "sha256:5ea5eb3c0c071862997d6f3e02af1d055f381b1d25b286b9d6644b79db77657c"},
    {file = "wrapt-1.17.3-cp314-cp314-manylinux1_x86_64.manylinux_2_28_x86_64.manylinux_2_5_x86_64.whl", hash = "sha256:281262213373b6d5e4bb4353bc36d1ba4084e6d6b5d242863721ef2bf2c2930b"},
    {file = "wrapt-1.17.3-cp314-cp314-manylinux2014_aarch64.manylinux_2_17_aarch64.manylinux_2_28_aarch64.whl", hash = "sha256:dc4a8d2b25efb6681ecacad42fca8859f88092d8732b170de6a5dddd80a1c8fa"},
    {file = "wrapt-1.17.3-cp314-cp314-musllinux_1_2_aarch64.whl", hash = "sha256:373342dd05b1d07d752cecbec0c41817231f29f3a89aa8b8843f7b95992ed0c7"},
    {file = "wrapt-1.17.3-cp314-cp314-musllinux_1_2_x86_64.whl", hash = "sha256:d40770d7c0fd5cbed9d84b2c3f2e156431a12c9a37dc6284060fb4bec0b7ffd4"},
    {file = "wrapt-1.17.3-cp314-cp314-win32.whl", hash = "sha256:fbd3c8319de8e1dc79d346929cd71d523622da527cca14e0c1d257e31c2b8b10"},
    {file = "wrapt-1.17.3-cp314-cp314-win_amd64.whl", hash = "sha256:e1a4120ae5705f673727d3253de3ed0e016f7cd78dc463db1b31e2463e1f3cf6"},
    {file = "wrapt-1.17.3-cp314-cp314-win_arm64.whl", hash = "sha256:507553480670cab08a800b9463bdb881b2edeed77dc677b0a5915e6106e91a58"},
    {file = "wrapt-1.17.3-cp314-cp314t-macosx_10_13_universal2.whl", hash = "sha256:ed7c635ae45cfbc1a7371f708727bf74690daedc49b4dba310590ca0bd28aa8a"},
    {file = "wrapt-1.17.3-cp314-cp314t-macosx_10_13_x86_64.whl", hash = "sha256:249f88ed15503f6492a71f01442abddd73856a0032ae860de6d75ca62eed8067"},
    {file = "wrapt-1.17.3-cp314-cp314t-macosx_11_0_arm64.whl", hash = "sha256:5a03a38adec8066d5a37bea22f2ba6bbf39fcdefbe2d91419ab864c3fb515454"},
    {file = "wrapt-1.17.3-cp314-cp314t-manylinux1_x86_64.manylinux_2_28_x86_64.manylinux_2_5_x86_64.whl", hash = "sha256:5d4478d72eb61c36e5b446e375bbc49ed002430d17cdec3cecb36993398e1a9e"},
    {file = "wrapt-1.17.3-cp314-cp314t-manylinux2014_aarch64.manylinux_2_17_aarch64.manylinux_2_28_aarch64.whl", hash = "sha256:223db574bb38637e8230eb14b185565023ab624474df94d2af18f1cdb625216f"},
    {file = "wrapt-1.17.3-cp314-cp314t-musllinux_1_2_aarch64.whl", hash = "sha256:e405adefb53a435f01efa7ccdec012c016b5a1d3f35459990afc39b6be4d5056"},
    {file = "wrapt-1.17.3-cp314-cp314t-musllinux_1_2_x86_64.whl", hash = "sha256:88547535b787a6c9ce4086917b6e1d291aa8ed914fdd3a838b3539dc95c12804"},
    {file = "wrapt-1.17.3-cp314-cp314t-win32.whl", hash = "sha256:41b1d2bc74c2cac6f9074df52b2efbef2b30bdfe5f40cb78f8ca22963bc62977"},
    {file = "wrapt-1.17.3-cp314-cp314t-win_amd64.whl", hash = "sha256:73d496de46cd2cdbdbcce4ae4bcdb4afb6a11234a1df9c085249d55166b95116"},
    {file = "wrapt-1.17.3-cp314-cp314t-win_arm64.whl", hash = "sha256:f38e60678850c42461d4202739f9bf1e3a737c7ad283638251e79cc49effb6b6"},
    {file = "wrapt-1.17.3-cp38-cp38-macosx_10_9_universal2.whl", hash = "sha256:70d86fa5197b8947a2fa70260b48e400bf2ccacdcab97bb7de47e3d1e6312225"},
    {file = "wrapt-1.17.3-cp38-cp38-macosx_10_9_x86_64.whl", hash = "sha256:df7d30371a2accfe4013e90445f6388c570f103d61019b6b7c57e0265250072a"},
    {file = "wrapt-1.17.3-cp38-cp38-macosx_11_0_arm64.whl", hash = "sha256:caea3e9c79d5f0d2c6d9ab96111601797ea5da8e6d0723f77eabb0d4068d2b2f"},
    {file = "wrapt-1.17.3-cp38-cp38-manylinux1_x86_64.manylinux_2_28_x86_64.manylinux_2_5_x86_64.whl", hash = "sha256:758895b01d546812d1f42204bd443b8c433c44d090248bf22689df673ccafe00"},
    {file = "wrapt-1.17.3-cp38-cp38-manylinux2014_aarch64.manylinux_2_17_aarch64.manylinux_2_28_aarch64.whl", hash = "sha256:02b551d101f31694fc785e58e0720ef7d9a10c4e62c1c9358ce6f63f23e30a56"},
    {file = "wrapt-1.17.3-cp38-cp38-musllinux_1_2_aarch64.whl", hash = "sha256:656873859b3b50eeebe6db8b1455e99d90c26ab058db8e427046dbc35c3140a5"},
    {file = "wrapt-1.17.3-cp38-cp38-musllinux_1_2_x86_64.whl", hash = "sha256:a9a2203361a6e6404f80b99234fe7fb37d1fc73487b5a78dc1aa5b97201e0f22"},
    {file = "wrapt-1.17.3-cp38-cp38-win32.whl", hash = "sha256:55cbbc356c2842f39bcc553cf695932e8b30e30e797f961860afb308e6b1bb7c"},
    {file = "wrapt-1.17.3-cp38-cp38-win_amd64.whl", hash = "sha256:ad85e269fe54d506b240d2d7b9f5f2057c2aa9a2ea5b32c66f8902f768117ed2"},
    {file = "wrapt-1.17.3-cp39-cp39-macosx_10_9_universal2.whl", hash = "sha256:30ce38e66630599e1193798285706903110d4f057aab3168a34b7fdc85569afc"},
    {file = "wrapt-1.17.3-cp39-cp39-macosx_10_9_x86_64.whl", hash = "sha256:65d1d00fbfb3ea5f20add88bbc0f815150dbbde3b026e6c24759466c8b5a9ef9"},
    {file = "wrapt-1.17.3-cp39-cp39-macosx_11_0_arm64.whl", hash = "sha256:a7c06742645f914f26c7f1fa47b8bc4c91d222f76ee20116c43d5ef0912bba2d"},
    {file = "wrapt-1.17.3-cp39-cp39-manylinux1_x86_64.manylinux_2_28_x86_64.manylinux_2_5_x86_64.whl", hash = "sha256:7e18f01b0c3e4a07fe6dfdb00e29049ba17eadbc5e7609a2a3a4af83ab7d710a"},
    {file = "wrapt-1.17.3-cp39-cp39-manylinux2014_aarch64.manylinux_2_17_aarch64.manylinux_2_28_aarch64.whl", hash = "sha256:0f5f51a6466667a5a356e6381d362d259125b57f059103dd9fdc8c0cf1d14139"},
    {file = "wrapt-1.17.3-cp39-cp39-musllinux_1_2_aarch64.whl", hash = "sha256:59923aa12d0157f6b82d686c3fd8e1166fa8cdfb3e17b42ce3b6147ff81528df"},
    {file = "wrapt-1.17.3-cp39-cp39-musllinux_1_2_x86_64.whl", hash = "sha256:46acc57b331e0b3bcb3e1ca3b421d65637915cfcd65eb783cb2f78a511193f9b"},
    {file = "wrapt-1.17.3-cp39-cp39-win32.whl", hash = "sha256:3e62d15d3cfa26e3d0788094de7b64efa75f3a53875cdbccdf78547aed547a81"},
    {file = "wrapt-1.17.3-cp39-cp39-win_amd64.whl", hash = "sha256:1f23fa283f51c890eda8e34e4937079114c74b4c81d2b2f1f1d94948f5cc3d7f"},
    {file = "wrapt-1.17.3-cp39-cp39-win_arm64.whl", hash = "sha256:24c2ed34dc222ed754247a2702b1e1e89fdbaa4016f324b4b8f1a802d4ffe87f"},
    {file = "wrapt-1.17.3-py3-none-any.whl", hash = "sha256:7171ae35d2c33d326ac19dd8facb1e82e5fd04ef8c6c0e394d7af55a55051c22"},
    {file = "wrapt-1.17.3.tar.gz", hash = "sha256:f66eb08feaa410fe4eebd17f2a2c8e2e46d3476e9f8c783daa8e09e0faa666d0"},
]

[metadata]
lock-version = "2.1"
python-versions = "^3.12"
content-hash = "d1141d65bd7b49b16b86d57778de140e3225e7959039d762a1320525e8f3c9e9"
